cookbook 'postgresql', :git => 'git@github.com:phlipper/chef-postgresql.git', :ref => 'ff499fcff50c1113f74cc32352ebfbede93a06cc'
cookbook 'python', :git => 'git://github.com/wehaveweneed/cookbook-python.git', :ref => '77202b1870e01cee927acbcd1708944edf4f888e'
cookbook 'redis', :git => 'git@github.com:jenrzzz/chef-redis.git', :ref => 'f73e67efc3e29e9b8d49c0b72bf54a35a452143e'
cookbook 'discovery', :git => 'git@github.com:jkl1337/discovery.git', :ref => 'support-1.8'
cookbook 'java', :locked_version => '1.10.0'
cookbook 'supervisor', :locked_version => '0.4.0'
cookbook 'elasticsearch', :locked_version => '0.2.7'
cookbook 'git', :locked_version => '2.3.0'
cookbook 'geos', :git => 'git://github.com/wehaveweneed/cookbook-geos.git', :ref => '9ac70925ee734cff43164673e9829de214360be9'
cookbook 'whwn', :git => 'git://github.com/wehaveweneed/cookbook-whwn.git', :ref => '38013b4aedbd20fa1beae578414e1d6b271014a9'
cookbook 'apt', :locked_version => '1.9.0'
cookbook 'build-essential', :locked_version => '1.3.4'
cookbook 'yum', :locked_version => '2.2.0'
cookbook 'runit', :locked_version => '1.1.2'
cookbook 'stunnel', :locked_version => '2.0.2'
cookbook 'windows', :locked_version => '1.8.4'
cookbook 'chef_handler', :locked_version => '1.1.4'
cookbook 'xml', :locked_version => '1.1.2'
cookbook 'monit', :locked_version => '0.7.0'
cookbook 'ark', :locked_version => '0.1.0'
cookbook 'dmg', :locked_version => '1.1.0'
cookbook 'sqlite', :locked_version => '1.0.0'